// !$*UTF8*$!
{
	archiveVersion = 1;
	classes = {
	};
	objectVersion = 50;
	objects = {

/* Begin PBXBuildFile section */
		08B06DDEE4F555ED4E6D1A6F /* Pods_Accessibility.framework in Frameworks */ = {isa = PBXBuildFile; fileRef = 2D616B2613044497602AAAB4 /* Pods_Accessibility.framework */; };
		6F765B5F118EE39E49DD7D5E /* Pods_AccessibilityTests.framework in Frameworks */ = {isa = PBXBuildFile; fileRef = 2613934DE0A4DB9FFCE7BE1A /* Pods_AccessibilityTests.framework */; };
		B7A3D7A521F82C2000C6C3F3 /* HomeShopTableViewCell.swift in Sources */ = {isa = PBXBuildFile; fileRef = B7A3D7A421F82C2000C6C3F3 /* HomeShopTableViewCell.swift */; };
		B7A3D7A821F89FD800C6C3F3 /* CategoryTableViewCell.swift in Sources */ = {isa = PBXBuildFile; fileRef = B7A3D7A721F89FD800C6C3F3 /* CategoryTableViewCell.swift */; };
		B7A3D7AA21F8FF5300C6C3F3 /* PDPView.swift in Sources */ = {isa = PBXBuildFile; fileRef = B7A3D7A921F8FF5300C6C3F3 /* PDPView.swift */; };
		B7E4331921F7FAC8000FEBD2 /* AppDelegate.swift in Sources */ = {isa = PBXBuildFile; fileRef = B7E4331821F7FAC8000FEBD2 /* AppDelegate.swift */; };
		B7E4332021F7FACB000FEBD2 /* Assets.xcassets in Resources */ = {isa = PBXBuildFile; fileRef = B7E4331F21F7FACB000FEBD2 /* Assets.xcassets */; };
		B7E4332321F7FACB000FEBD2 /* LaunchScreen.storyboard in Resources */ = {isa = PBXBuildFile; fileRef = B7E4332121F7FACB000FEBD2 /* LaunchScreen.storyboard */; };
		B7E4332E21F7FACB000FEBD2 /* AccessibilityTests.swift in Sources */ = {isa = PBXBuildFile; fileRef = B7E4332D21F7FACB000FEBD2 /* AccessibilityTests.swift */; };
		B7E4333921F7FF45000FEBD2 /* HomeShopVC.swift in Sources */ = {isa = PBXBuildFile; fileRef = B7E4333821F7FF45000FEBD2 /* HomeShopVC.swift */; };
		B7E4333B21F7FF82000FEBD2 /* CategoryVC.swift in Sources */ = {isa = PBXBuildFile; fileRef = B7E4333A21F7FF82000FEBD2 /* CategoryVC.swift */; };
		B7E4333D21F7FF93000FEBD2 /* PDPVC.swift in Sources */ = {isa = PBXBuildFile; fileRef = B7E4333C21F7FF93000FEBD2 /* PDPVC.swift */; };
		B7E4334021F80120000FEBD2 /* Product.swift in Sources */ = {isa = PBXBuildFile; fileRef = B7E4333F21F80120000FEBD2 /* Product.swift */; };
/* End PBXBuildFile section */

/* Begin PBXContainerItemProxy section */
		B7E4332A21F7FACB000FEBD2 /* PBXContainerItemProxy */ = {
			isa = PBXContainerItemProxy;
			containerPortal = B7E4330D21F7FAC8000FEBD2 /* Project object */;
			proxyType = 1;
			remoteGlobalIDString = B7E4331421F7FAC8000FEBD2;
			remoteInfo = Accessibility;
		};
/* End PBXContainerItemProxy section */

/* Begin PBXFileReference section */
		2613934DE0A4DB9FFCE7BE1A /* Pods_AccessibilityTests.framework */ = {isa = PBXFileReference; explicitFileType = wrapper.framework; includeInIndex = 0; path = Pods_AccessibilityTests.framework; sourceTree = BUILT_PRODUCTS_DIR; };
		2D616B2613044497602AAAB4 /* Pods_Accessibility.framework */ = {isa = PBXFileReference; explicitFileType = wrapper.framework; includeInIndex = 0; path = Pods_Accessibility.framework; sourceTree = BUILT_PRODUCTS_DIR; };
		2E3C5DA4277862C9EF1F6443 /* Pods-Accessibility.debug.xcconfig */ = {isa = PBXFileReference; includeInIndex = 1; lastKnownFileType = text.xcconfig; name = "Pods-Accessibility.debug.xcconfig"; path = "Pods/Target Support Files/Pods-Accessibility/Pods-Accessibility.debug.xcconfig"; sourceTree = "<group>"; };
		882AF8E9E16ECDF3F15FE6D2 /* Pods-AccessibilityTests.release.xcconfig */ = {isa = PBXFileReference; includeInIndex = 1; lastKnownFileType = text.xcconfig; name = "Pods-AccessibilityTests.release.xcconfig"; path = "Pods/Target Support Files/Pods-AccessibilityTests/Pods-AccessibilityTests.release.xcconfig"; sourceTree = "<group>"; };
		9E3D4CB9F58FE1FF43884600 /* Pods-AccessibilityTests.debug.xcconfig */ = {isa = PBXFileReference; includeInIndex = 1; lastKnownFileType = text.xcconfig; name = "Pods-AccessibilityTests.debug.xcconfig"; path = "Pods/Target Support Files/Pods-AccessibilityTests/Pods-AccessibilityTests.debug.xcconfig"; sourceTree = "<group>"; };
		ABE62A406308AC32191D5430 /* Pods-Accessibility.release.xcconfig */ = {isa = PBXFileReference; includeInIndex = 1; lastKnownFileType = text.xcconfig; name = "Pods-Accessibility.release.xcconfig"; path = "Pods/Target Support Files/Pods-Accessibility/Pods-Accessibility.release.xcconfig"; sourceTree = "<group>"; };
		B7A3D7A421F82C2000C6C3F3 /* HomeShopTableViewCell.swift */ = {isa = PBXFileReference; lastKnownFileType = sourcecode.swift; path = HomeShopTableViewCell.swift; sourceTree = "<group>"; };
		B7A3D7A721F89FD800C6C3F3 /* CategoryTableViewCell.swift */ = {isa = PBXFileReference; lastKnownFileType = sourcecode.swift; path = CategoryTableViewCell.swift; sourceTree = "<group>"; };
		B7A3D7A921F8FF5300C6C3F3 /* PDPView.swift */ = {isa = PBXFileReference; lastKnownFileType = sourcecode.swift; path = PDPView.swift; sourceTree = "<group>"; };
		B7E4331521F7FAC8000FEBD2 /* Accessibility.app */ = {isa = PBXFileReference; explicitFileType = wrapper.application; includeInIndex = 0; path = Accessibility.app; sourceTree = BUILT_PRODUCTS_DIR; };
		B7E4331821F7FAC8000FEBD2 /* AppDelegate.swift */ = {isa = PBXFileReference; lastKnownFileType = sourcecode.swift; path = AppDelegate.swift; sourceTree = "<group>"; };
		B7E4331F21F7FACB000FEBD2 /* Assets.xcassets */ = {isa = PBXFileReference; lastKnownFileType = folder.assetcatalog; path = Assets.xcassets; sourceTree = "<group>"; };
		B7E4332221F7FACB000FEBD2 /* Base */ = {isa = PBXFileReference; lastKnownFileType = file.storyboard; name = Base; path = Base.lproj/LaunchScreen.storyboard; sourceTree = "<group>"; };
		B7E4332421F7FACB000FEBD2 /* Info.plist */ = {isa = PBXFileReference; lastKnownFileType = text.plist.xml; path = Info.plist; sourceTree = "<group>"; };
		B7E4332921F7FACB000FEBD2 /* AccessibilityTests.xctest */ = {isa = PBXFileReference; explicitFileType = wrapper.cfbundle; includeInIndex = 0; path = AccessibilityTests.xctest; sourceTree = BUILT_PRODUCTS_DIR; };
		B7E4332D21F7FACB000FEBD2 /* AccessibilityTests.swift */ = {isa = PBXFileReference; lastKnownFileType = sourcecode.swift; path = AccessibilityTests.swift; sourceTree = "<group>"; };
		B7E4332F21F7FACB000FEBD2 /* Info.plist */ = {isa = PBXFileReference; lastKnownFileType = text.plist.xml; path = Info.plist; sourceTree = "<group>"; };
		B7E4333821F7FF45000FEBD2 /* HomeShopVC.swift */ = {isa = PBXFileReference; lastKnownFileType = sourcecode.swift; path = HomeShopVC.swift; sourceTree = "<group>"; };
		B7E4333A21F7FF82000FEBD2 /* CategoryVC.swift */ = {isa = PBXFileReference; lastKnownFileType = sourcecode.swift; path = CategoryVC.swift; sourceTree = "<group>"; };
		B7E4333C21F7FF93000FEBD2 /* PDPVC.swift */ = {isa = PBXFileReference; lastKnownFileType = sourcecode.swift; path = PDPVC.swift; sourceTree = "<group>"; };
		B7E4333F21F80120000FEBD2 /* Product.swift */ = {isa = PBXFileReference; lastKnownFileType = sourcecode.swift; path = Product.swift; sourceTree = "<group>"; };
/* End PBXFileReference section */

/* Begin PBXFrameworksBuildPhase section */
		B7E4331221F7FAC8000FEBD2 /* Frameworks */ = {
			isa = PBXFrameworksBuildPhase;
			buildActionMask = 2147483647;
			files = (
				08B06DDEE4F555ED4E6D1A6F /* Pods_Accessibility.framework in Frameworks */,
			);
			runOnlyForDeploymentPostprocessing = 0;
		};
		B7E4332621F7FACB000FEBD2 /* Frameworks */ = {
			isa = PBXFrameworksBuildPhase;
			buildActionMask = 2147483647;
			files = (
				6F765B5F118EE39E49DD7D5E /* Pods_AccessibilityTests.framework in Frameworks */,
			);
			runOnlyForDeploymentPostprocessing = 0;
		};
/* End PBXFrameworksBuildPhase section */

/* Begin PBXGroup section */
		B7A3D7A621F82C2600C6C3F3 /* Cells */ = {
			isa = PBXGroup;
			children = (
				B7A3D7A421F82C2000C6C3F3 /* HomeShopTableViewCell.swift */,
				B7A3D7A721F89FD800C6C3F3 /* CategoryTableViewCell.swift */,
			);
			path = Cells;
			sourceTree = "<group>";
		};
		B7A3D7AB21F8FF6800C6C3F3 /* Views */ = {
			isa = PBXGroup;
			children = (
				B7A3D7A921F8FF5300C6C3F3 /* PDPView.swift */,
			);
			path = Views;
			sourceTree = "<group>";
		};
		B7E4330C21F7FAC8000FEBD2 = {
			isa = PBXGroup;
			children = (
				B7E4331721F7FAC8000FEBD2 /* Accessibility */,
				B7E4332C21F7FACB000FEBD2 /* AccessibilityTests */,
				B7E4331621F7FAC8000FEBD2 /* Products */,
				E9AFE964B298634C5B118950 /* Pods */,
				D96E589524A0E2865DA62B10 /* Frameworks */,
			);
			sourceTree = "<group>";
		};
		B7E4331621F7FAC8000FEBD2 /* Products */ = {
			isa = PBXGroup;
			children = (
				B7E4331521F7FAC8000FEBD2 /* Accessibility.app */,
				B7E4332921F7FACB000FEBD2 /* AccessibilityTests.xctest */,
			);
			name = Products;
			sourceTree = "<group>";
		};
		B7E4331721F7FAC8000FEBD2 /* Accessibility */ = {
			isa = PBXGroup;
			children = (
				B7E4331821F7FAC8000FEBD2 /* AppDelegate.swift */,
				B7E4333F21F80120000FEBD2 /* Product.swift */,
				B7A3D7A621F82C2600C6C3F3 /* Cells */,
				B7A3D7AB21F8FF6800C6C3F3 /* Views */,
				B7E4333E21F7FFA2000FEBD2 /* ViewControllers */,
				B7E4331F21F7FACB000FEBD2 /* Assets.xcassets */,
				B7E4332121F7FACB000FEBD2 /* LaunchScreen.storyboard */,
				B7E4332421F7FACB000FEBD2 /* Info.plist */,
			);
			path = Accessibility;
			sourceTree = "<group>";
		};
		B7E4332C21F7FACB000FEBD2 /* AccessibilityTests */ = {
			isa = PBXGroup;
			children = (
				B7E4332D21F7FACB000FEBD2 /* AccessibilityTests.swift */,
				B7E4332F21F7FACB000FEBD2 /* Info.plist */,
			);
			path = AccessibilityTests;
			sourceTree = "<group>";
		};
		B7E4333E21F7FFA2000FEBD2 /* ViewControllers */ = {
			isa = PBXGroup;
			children = (
				B7E4333821F7FF45000FEBD2 /* HomeShopVC.swift */,
				B7E4333A21F7FF82000FEBD2 /* CategoryVC.swift */,
				B7E4333C21F7FF93000FEBD2 /* PDPVC.swift */,
			);
			path = ViewControllers;
			sourceTree = "<group>";
		};
		D96E589524A0E2865DA62B10 /* Frameworks */ = {
			isa = PBXGroup;
			children = (
				2D616B2613044497602AAAB4 /* Pods_Accessibility.framework */,
				2613934DE0A4DB9FFCE7BE1A /* Pods_AccessibilityTests.framework */,
			);
			name = Frameworks;
			sourceTree = "<group>";
		};
		E9AFE964B298634C5B118950 /* Pods */ = {
			isa = PBXGroup;
			children = (
				2E3C5DA4277862C9EF1F6443 /* Pods-Accessibility.debug.xcconfig */,
				ABE62A406308AC32191D5430 /* Pods-Accessibility.release.xcconfig */,
				9E3D4CB9F58FE1FF43884600 /* Pods-AccessibilityTests.debug.xcconfig */,
				882AF8E9E16ECDF3F15FE6D2 /* Pods-AccessibilityTests.release.xcconfig */,
			);
			name = Pods;
			sourceTree = "<group>";
		};
/* End PBXGroup section */

/* Begin PBXNativeTarget section */
		B7E4331421F7FAC8000FEBD2 /* Accessibility */ = {
			isa = PBXNativeTarget;
			buildConfigurationList = B7E4333221F7FACB000FEBD2 /* Build configuration list for PBXNativeTarget "Accessibility" */;
			buildPhases = (
				82090BF163784B9F03A1960E /* [CP] Check Pods Manifest.lock */,
				B7E4331121F7FAC8000FEBD2 /* Sources */,
				B7E4331221F7FAC8000FEBD2 /* Frameworks */,
				B7E4331321F7FAC8000FEBD2 /* Resources */,
				509F9EBE6637158141D15695 /* [CP] Embed Pods Frameworks */,
			);
			buildRules = (
			);
			dependencies = (
			);
			name = Accessibility;
			productName = Accessibility;
			productReference = B7E4331521F7FAC8000FEBD2 /* Accessibility.app */;
			productType = "com.apple.product-type.application";
		};
		B7E4332821F7FACB000FEBD2 /* AccessibilityTests */ = {
			isa = PBXNativeTarget;
			buildConfigurationList = B7E4333521F7FACB000FEBD2 /* Build configuration list for PBXNativeTarget "AccessibilityTests" */;
			buildPhases = (
				7A2799F853B7DCEEDF4FCAC6 /* [CP] Check Pods Manifest.lock */,
				B7E4332521F7FACB000FEBD2 /* Sources */,
				B7E4332621F7FACB000FEBD2 /* Frameworks */,
				B7E4332721F7FACB000FEBD2 /* Resources */,
			);
			buildRules = (
			);
			dependencies = (
				B7E4332B21F7FACB000FEBD2 /* PBXTargetDependency */,
			);
			name = AccessibilityTests;
			productName = AccessibilityTests;
			productReference = B7E4332921F7FACB000FEBD2 /* AccessibilityTests.xctest */;
			productType = "com.apple.product-type.bundle.unit-test";
		};
/* End PBXNativeTarget section */

/* Begin PBXProject section */
		B7E4330D21F7FAC8000FEBD2 /* Project object */ = {
			isa = PBXProject;
			attributes = {
				LastSwiftUpdateCheck = 1010;
				LastUpgradeCheck = 1010;
				ORGANIZATIONNAME = "Nicole Souvenir";
				TargetAttributes = {
					B7E4331421F7FAC8000FEBD2 = {
						CreatedOnToolsVersion = 10.1;
					};
					B7E4332821F7FACB000FEBD2 = {
						CreatedOnToolsVersion = 10.1;
						TestTargetID = B7E4331421F7FAC8000FEBD2;
					};
				};
			};
			buildConfigurationList = B7E4331021F7FAC8000FEBD2 /* Build configuration list for PBXProject "Accessibility" */;
			compatibilityVersion = "Xcode 9.3";
			developmentRegion = en;
			hasScannedForEncodings = 0;
			knownRegions = (
				en,
				Base,
			);
			mainGroup = B7E4330C21F7FAC8000FEBD2;
			productRefGroup = B7E4331621F7FAC8000FEBD2 /* Products */;
			projectDirPath = "";
			projectRoot = "";
			targets = (
				B7E4331421F7FAC8000FEBD2 /* Accessibility */,
				B7E4332821F7FACB000FEBD2 /* AccessibilityTests */,
			);
		};
/* End PBXProject section */

/* Begin PBXResourcesBuildPhase section */
		B7E4331321F7FAC8000FEBD2 /* Resources */ = {
			isa = PBXResourcesBuildPhase;
			buildActionMask = 2147483647;
			files = (
				B7E4332321F7FACB000FEBD2 /* LaunchScreen.storyboard in Resources */,
				B7E4332021F7FACB000FEBD2 /* Assets.xcassets in Resources */,
			);
			runOnlyForDeploymentPostprocessing = 0;
		};
		B7E4332721F7FACB000FEBD2 /* Resources */ = {
			isa = PBXResourcesBuildPhase;
			buildActionMask = 2147483647;
			files = (
			);
			runOnlyForDeploymentPostprocessing = 0;
		};
/* End PBXResourcesBuildPhase section */

/* Begin PBXShellScriptBuildPhase section */
		509F9EBE6637158141D15695 /* [CP] Embed Pods Frameworks */ = {
			isa = PBXShellScriptBuildPhase;
			buildActionMask = 2147483647;
			files = (
			);
			inputPaths = (
				"${SRCROOT}/Pods/Target Support Files/Pods-Accessibility/Pods-Accessibility-frameworks.sh",
				"${BUILT_PRODUCTS_DIR}/URBNSwiftyConvenience/URBNSwiftyConvenience.framework",
			);
			name = "[CP] Embed Pods Frameworks";
			outputPaths = (
				"${TARGET_BUILD_DIR}/${FRAMEWORKS_FOLDER_PATH}/URBNSwiftyConvenience.framework",
			);
			runOnlyForDeploymentPostprocessing = 0;
			shellPath = /bin/sh;
			shellScript = "\"${SRCROOT}/Pods/Target Support Files/Pods-Accessibility/Pods-Accessibility-frameworks.sh\"\n";
			showEnvVarsInLog = 0;
		};
		7A2799F853B7DCEEDF4FCAC6 /* [CP] Check Pods Manifest.lock */ = {
			isa = PBXShellScriptBuildPhase;
			buildActionMask = 2147483647;
			files = (
			);
			inputPaths = (
				"${PODS_PODFILE_DIR_PATH}/Podfile.lock",
				"${PODS_ROOT}/Manifest.lock",
			);
			name = "[CP] Check Pods Manifest.lock";
			outputPaths = (
				"$(DERIVED_FILE_DIR)/Pods-AccessibilityTests-checkManifestLockResult.txt",
			);
			runOnlyForDeploymentPostprocessing = 0;
			shellPath = /bin/sh;
			shellScript = "diff \"${PODS_PODFILE_DIR_PATH}/Podfile.lock\" \"${PODS_ROOT}/Manifest.lock\" > /dev/null\nif [ $? != 0 ] ; then\n    # print error to STDERR\n    echo \"error: The sandbox is not in sync with the Podfile.lock. Run 'pod install' or update your CocoaPods installation.\" >&2\n    exit 1\nfi\n# This output is used by Xcode 'outputs' to avoid re-running this script phase.\necho \"SUCCESS\" > \"${SCRIPT_OUTPUT_FILE_0}\"\n";
			showEnvVarsInLog = 0;
		};
		82090BF163784B9F03A1960E /* [CP] Check Pods Manifest.lock */ = {
			isa = PBXShellScriptBuildPhase;
			buildActionMask = 2147483647;
			files = (
			);
			inputPaths = (
				"${PODS_PODFILE_DIR_PATH}/Podfile.lock",
				"${PODS_ROOT}/Manifest.lock",
			);
			name = "[CP] Check Pods Manifest.lock";
			outputPaths = (
				"$(DERIVED_FILE_DIR)/Pods-Accessibility-checkManifestLockResult.txt",
			);
			runOnlyForDeploymentPostprocessing = 0;
			shellPath = /bin/sh;
			shellScript = "diff \"${PODS_PODFILE_DIR_PATH}/Podfile.lock\" \"${PODS_ROOT}/Manifest.lock\" > /dev/null\nif [ $? != 0 ] ; then\n    # print error to STDERR\n    echo \"error: The sandbox is not in sync with the Podfile.lock. Run 'pod install' or update your CocoaPods installation.\" >&2\n    exit 1\nfi\n# This output is used by Xcode 'outputs' to avoid re-running this script phase.\necho \"SUCCESS\" > \"${SCRIPT_OUTPUT_FILE_0}\"\n";
			showEnvVarsInLog = 0;
		};
/* End PBXShellScriptBuildPhase section */

/* Begin PBXSourcesBuildPhase section */
		B7E4331121F7FAC8000FEBD2 /* Sources */ = {
			isa = PBXSourcesBuildPhase;
			buildActionMask = 2147483647;
			files = (
				B7A3D7A521F82C2000C6C3F3 /* HomeShopTableViewCell.swift in Sources */,
				B7E4333921F7FF45000FEBD2 /* HomeShopVC.swift in Sources */,
				B7E4333D21F7FF93000FEBD2 /* PDPVC.swift in Sources */,
				B7E4334021F80120000FEBD2 /* Product.swift in Sources */,
				B7E4333B21F7FF82000FEBD2 /* CategoryVC.swift in Sources */,
				B7A3D7A821F89FD800C6C3F3 /* CategoryTableViewCell.swift in Sources */,
				B7E4331921F7FAC8000FEBD2 /* AppDelegate.swift in Sources */,
				B7A3D7AA21F8FF5300C6C3F3 /* PDPView.swift in Sources */,
			);
			runOnlyForDeploymentPostprocessing = 0;
		};
		B7E4332521F7FACB000FEBD2 /* Sources */ = {
			isa = PBXSourcesBuildPhase;
			buildActionMask = 2147483647;
			files = (
				B7E4332E21F7FACB000FEBD2 /* AccessibilityTests.swift in Sources */,
			);
			runOnlyForDeploymentPostprocessing = 0;
		};
/* End PBXSourcesBuildPhase section */

/* Begin PBXTargetDependency section */
		B7E4332B21F7FACB000FEBD2 /* PBXTargetDependency */ = {
			isa = PBXTargetDependency;
			target = B7E4331421F7FAC8000FEBD2 /* Accessibility */;
			targetProxy = B7E4332A21F7FACB000FEBD2 /* PBXContainerItemProxy */;
		};
/* End PBXTargetDependency section */

/* Begin PBXVariantGroup section */
		B7E4332121F7FACB000FEBD2 /* LaunchScreen.storyboard */ = {
			isa = PBXVariantGroup;
			children = (
				B7E4332221F7FACB000FEBD2 /* Base */,
			);
			name = LaunchScreen.storyboard;
			sourceTree = "<group>";
		};
/* End PBXVariantGroup section */

/* Begin XCBuildConfiguration section */
		B7E4333021F7FACB000FEBD2 /* Debug */ = {
			isa = XCBuildConfiguration;
			buildSettings = {
				ALWAYS_SEARCH_USER_PATHS = NO;
				CLANG_ANALYZER_NONNULL = YES;
				CLANG_ANALYZER_NUMBER_OBJECT_CONVERSION = YES_AGGRESSIVE;
				CLANG_CXX_LANGUAGE_STANDARD = "gnu++14";
				CLANG_CXX_LIBRARY = "libc++";
				CLANG_ENABLE_MODULES = YES;
				CLANG_ENABLE_OBJC_ARC = YES;
				CLANG_ENABLE_OBJC_WEAK = YES;
				CLANG_WARN_BLOCK_CAPTURE_AUTORELEASING = YES;
				CLANG_WARN_BOOL_CONVERSION = YES;
				CLANG_WARN_COMMA = YES;
				CLANG_WARN_CONSTANT_CONVERSION = YES;
				CLANG_WARN_DEPRECATED_OBJC_IMPLEMENTATIONS = YES;
				CLANG_WARN_DIRECT_OBJC_ISA_USAGE = YES_ERROR;
				CLANG_WARN_DOCUMENTATION_COMMENTS = YES;
				CLANG_WARN_EMPTY_BODY = YES;
				CLANG_WARN_ENUM_CONVERSION = YES;
				CLANG_WARN_INFINITE_RECURSION = YES;
				CLANG_WARN_INT_CONVERSION = YES;
				CLANG_WARN_NON_LITERAL_NULL_CONVERSION = YES;
				CLANG_WARN_OBJC_IMPLICIT_RETAIN_SELF = YES;
				CLANG_WARN_OBJC_LITERAL_CONVERSION = YES;
				CLANG_WARN_OBJC_ROOT_CLASS = YES_ERROR;
				CLANG_WARN_RANGE_LOOP_ANALYSIS = YES;
				CLANG_WARN_STRICT_PROTOTYPES = YES;
				CLANG_WARN_SUSPICIOUS_MOVE = YES;
				CLANG_WARN_UNGUARDED_AVAILABILITY = YES_AGGRESSIVE;
				CLANG_WARN_UNREACHABLE_CODE = YES;
				CLANG_WARN__DUPLICATE_METHOD_MATCH = YES;
				CODE_SIGN_IDENTITY = "iPhone Developer";
				COPY_PHASE_STRIP = NO;
				DEBUG_INFORMATION_FORMAT = dwarf;
				ENABLE_STRICT_OBJC_MSGSEND = YES;
				ENABLE_TESTABILITY = YES;
				GCC_C_LANGUAGE_STANDARD = gnu11;
				GCC_DYNAMIC_NO_PIC = NO;
				GCC_NO_COMMON_BLOCKS = YES;
				GCC_OPTIMIZATION_LEVEL = 0;
				GCC_PREPROCESSOR_DEFINITIONS = (
					"DEBUG=1",
					"$(inherited)",
				);
				GCC_WARN_64_TO_32_BIT_CONVERSION = YES;
				GCC_WARN_ABOUT_RETURN_TYPE = YES_ERROR;
				GCC_WARN_UNDECLARED_SELECTOR = YES;
				GCC_WARN_UNINITIALIZED_AUTOS = YES_AGGRESSIVE;
				GCC_WARN_UNUSED_FUNCTION = YES;
				GCC_WARN_UNUSED_VARIABLE = YES;
				IPHONEOS_DEPLOYMENT_TARGET = 12.1;
				MTL_ENABLE_DEBUG_INFO = INCLUDE_SOURCE;
				MTL_FAST_MATH = YES;
				ONLY_ACTIVE_ARCH = YES;
				SDKROOT = iphoneos;
				SWIFT_ACTIVE_COMPILATION_CONDITIONS = DEBUG;
				SWIFT_OPTIMIZATION_LEVEL = "-Onone";
			};
			name = Debug;
		};
		B7E4333121F7FACB000FEBD2 /* Release */ = {
			isa = XCBuildConfiguration;
			buildSettings = {
				ALWAYS_SEARCH_USER_PATHS = NO;
				CLANG_ANALYZER_NONNULL = YES;
				CLANG_ANALYZER_NUMBER_OBJECT_CONVERSION = YES_AGGRESSIVE;
				CLANG_CXX_LANGUAGE_STANDARD = "gnu++14";
				CLANG_CXX_LIBRARY = "libc++";
				CLANG_ENABLE_MODULES = YES;
				CLANG_ENABLE_OBJC_ARC = YES;
				CLANG_ENABLE_OBJC_WEAK = YES;
				CLANG_WARN_BLOCK_CAPTURE_AUTORELEASING = YES;
				CLANG_WARN_BOOL_CONVERSION = YES;
				CLANG_WARN_COMMA = YES;
				CLANG_WARN_CONSTANT_CONVERSION = YES;
				CLANG_WARN_DEPRECATED_OBJC_IMPLEMENTATIONS = YES;
				CLANG_WARN_DIRECT_OBJC_ISA_USAGE = YES_ERROR;
				CLANG_WARN_DOCUMENTATION_COMMENTS = YES;
				CLANG_WARN_EMPTY_BODY = YES;
				CLANG_WARN_ENUM_CONVERSION = YES;
				CLANG_WARN_INFINITE_RECURSION = YES;
				CLANG_WARN_INT_CONVERSION = YES;
				CLANG_WARN_NON_LITERAL_NULL_CONVERSION = YES;
				CLANG_WARN_OBJC_IMPLICIT_RETAIN_SELF = YES;
				CLANG_WARN_OBJC_LITERAL_CONVERSION = YES;
				CLANG_WARN_OBJC_ROOT_CLASS = YES_ERROR;
				CLANG_WARN_RANGE_LOOP_ANALYSIS = YES;
				CLANG_WARN_STRICT_PROTOTYPES = YES;
				CLANG_WARN_SUSPICIOUS_MOVE = YES;
				CLANG_WARN_UNGUARDED_AVAILABILITY = YES_AGGRESSIVE;
				CLANG_WARN_UNREACHABLE_CODE = YES;
				CLANG_WARN__DUPLICATE_METHOD_MATCH = YES;
				CODE_SIGN_IDENTITY = "iPhone Developer";
				COPY_PHASE_STRIP = NO;
				DEBUG_INFORMATION_FORMAT = "dwarf-with-dsym";
				ENABLE_NS_ASSERTIONS = NO;
				ENABLE_STRICT_OBJC_MSGSEND = YES;
				GCC_C_LANGUAGE_STANDARD = gnu11;
				GCC_NO_COMMON_BLOCKS = YES;
				GCC_WARN_64_TO_32_BIT_CONVERSION = YES;
				GCC_WARN_ABOUT_RETURN_TYPE = YES_ERROR;
				GCC_WARN_UNDECLARED_SELECTOR = YES;
				GCC_WARN_UNINITIALIZED_AUTOS = YES_AGGRESSIVE;
				GCC_WARN_UNUSED_FUNCTION = YES;
				GCC_WARN_UNUSED_VARIABLE = YES;
				IPHONEOS_DEPLOYMENT_TARGET = 12.1;
				MTL_ENABLE_DEBUG_INFO = NO;
				MTL_FAST_MATH = YES;
				SDKROOT = iphoneos;
				SWIFT_COMPILATION_MODE = wholemodule;
				SWIFT_OPTIMIZATION_LEVEL = "-O";
				VALIDATE_PRODUCT = YES;
			};
			name = Release;
		};
		B7E4333321F7FACB000FEBD2 /* Debug */ = {
			isa = XCBuildConfiguration;
			baseConfigurationReference = 2E3C5DA4277862C9EF1F6443 /* Pods-Accessibility.debug.xcconfig */;
			buildSettings = {
				ASSETCATALOG_COMPILER_APPICON_NAME = AppIcon;
				CODE_SIGN_STYLE = Automatic;
				DEVELOPMENT_TEAM = CX57JP2QUS;
				INFOPLIST_FILE = Accessibility/Info.plist;
				LD_RUNPATH_SEARCH_PATHS = (
					"$(inherited)",
					"@executable_path/Frameworks",
				);
				PRODUCT_BUNDLE_IDENTIFIER = com.urbn.Accessibility;
				PRODUCT_NAME = "$(TARGET_NAME)";
				SWIFT_VERSION = 4.2;
				TARGETED_DEVICE_FAMILY = "1,2";
			};
			name = Debug;
		};
		B7E4333421F7FACB000FEBD2 /* Release */ = {
			isa = XCBuildConfiguration;
			baseConfigurationReference = ABE62A406308AC32191D5430 /* Pods-Accessibility.release.xcconfig */;
			buildSettings = {
				ASSETCATALOG_COMPILER_APPICON_NAME = AppIcon;
				CODE_SIGN_STYLE = Automatic;
				DEVELOPMENT_TEAM = CX57JP2QUS;
				INFOPLIST_FILE = Accessibility/Info.plist;
				LD_RUNPATH_SEARCH_PATHS = (
					"$(inherited)",
					"@executable_path/Frameworks",
				);
				PRODUCT_BUNDLE_IDENTIFIER = com.urbn.Accessibility;
				PRODUCT_NAME = "$(TARGET_NAME)";
				SWIFT_VERSION = 4.2;
				TARGETED_DEVICE_FAMILY = "1,2";
			};
			name = Release;
		};
		B7E4333621F7FACB000FEBD2 /* Debug */ = {
			isa = XCBuildConfiguration;
			baseConfigurationReference = 9E3D4CB9F58FE1FF43884600 /* Pods-AccessibilityTests.debug.xcconfig */;
			buildSettings = {
				ALWAYS_EMBED_SWIFT_STANDARD_LIBRARIES = YES;
				BUNDLE_LOADER = "$(TEST_HOST)";
				CODE_SIGN_STYLE = Automatic;
				DEVELOPMENT_TEAM = CX57JP2QUS;
				INFOPLIST_FILE = AccessibilityTests/Info.plist;
				LD_RUNPATH_SEARCH_PATHS = (
					"$(inherited)",
					"@executable_path/Frameworks",
					"@loader_path/Frameworks",
				);
				PRODUCT_BUNDLE_IDENTIFIER = com.urbn.AccessibilityTests;
				PRODUCT_NAME = "$(TARGET_NAME)";
				SWIFT_VERSION = 4.2;
				TARGETED_DEVICE_FAMILY = "1,2";
				TEST_HOST = "$(BUILT_PRODUCTS_DIR)/Accessibility.app/Accessibility";
			};
			name = Debug;
		};
		B7E4333721F7FACB000FEBD2 /* Release */ = {
			isa = XCBuildConfiguration;
			baseConfigurationReference = 882AF8E9E16ECDF3F15FE6D2 /* Pods-AccessibilityTests.release.xcconfig */;
			buildSettings = {
				ALWAYS_EMBED_SWIFT_STANDARD_LIBRARIES = YES;
				BUNDLE_LOADER = "$(TEST_HOST)";
				CODE_SIGN_STYLE = Automatic;
				DEVELOPMENT_TEAM = CX57JP2QUS;
				INFOPLIST_FILE = AccessibilityTests/Info.plist;
				LD_RUNPATH_SEARCH_PATHS = (
					"$(inherited)",
					"@executable_path/Frameworks",
					"@loader_path/Frameworks",
				);
				PRODUCT_BUNDLE_IDENTIFIER = com.urbn.AccessibilityTests;
				PRODUCT_NAME = "$(TARGET_NAME)";
				SWIFT_VERSION = 4.2;
				TARGETED_DEVICE_FAMILY = "1,2";
				TEST_HOST = "$(BUILT_PRODUCTS_DIR)/Accessibility.app/Accessibility";
			};
			name = Release;
		};
/* End XCBuildConfiguration section */

/* Begin XCConfigurationList section */
		B7E4331021F7FAC8000FEBD2 /* Build configuration list for PBXProject "Accessibility" */ = {
			isa = XCConfigurationList;
			buildConfigurations = (
				B7E4333021F7FACB000FEBD2 /* Debug */,
				B7E4333121F7FACB000FEBD2 /* Release */,
			);
			defaultConfigurationIsVisible = 0;
			defaultConfigurationName = Release;
		};
		B7E4333221F7FACB000FEBD2 /* Build configuration list for PBXNativeTarget "Accessibility" */ = {
			isa = XCConfigurationList;
			buildConfigurations = (
				B7E4333321F7FACB000FEBD2 /* Debug */,
				B7E4333421F7FACB000FEBD2 /* Release */,
			);
			defaultConfigurationIsVisible = 0;
			defaultConfigurationName = Release;
		};
		B7E4333521F7FACB000FEBD2 /* Build configuration list for PBXNativeTarget "AccessibilityTests" */ = {
			isa = XCConfigurationList;
			buildConfigurations = (
				B7E4333621F7FACB000FEBD2 /* Debug */,
				B7E4333721F7FACB000FEBD2 /* Release */,
			);
			defaultConfigurationIsVisible = 0;
			defaultConfigurationName = Release;
		};
/* End XCConfigurationList section */
	};
	rootObject = B7E4330D21F7FAC8000FEBD2 /* Project object */;
}
